
Microsoft Visual Studio Solution File, Format Version 12.00
# Visual Studio Version 17
VisualStudioVersion = 17.4.33205.214
MinimumVisualStudioVersion = 10.0.40219.1
Project("{FAE04EC0-301F-11D3-BF4B-00C04F79EFBC}") = "WebAPI_CRUD", "WebAPI_CRUD\WebAPI_CRUD.csproj", "{DC7AEAB6-4853-442E-BC69-FB0866419ABF}"
EndProject
Global
	GlobalSection(SolutionConfigurationPlatforms) = preSolution
		Debug|Any CPU = Debug|Any CPU
		Release|Any CPU = Release|Any CPU
	EndGlobalSection
	GlobalSection(ProjectConfigurationPlatforms) = postSolution
		{DC7AEAB6-4853-442E-BC69-FB0866419ABF}.Debug|Any CPU.ActiveCfg = Debug|Any CPU
		{DC7AEAB6-4853-442E-BC69-FB0866419ABF}.Debug|Any CPU.Build.0 = Debug|Any CPU
		{DC7AEAB6-4853-442E-BC69-FB0866419ABF}.Release|Any CPU.ActiveCfg = Release|Any CPU
		{DC7AEAB6-4853-442E-BC69-FB0866419ABF}.Release|Any CPU.Build.0 = Release|Any CPU
	EndGlobalSection
	GlobalSection(SolutionProperties) = preSolution
		HideSolutionNode = FALSE
	EndGlobalSection
	GlobalSection(ExtensibilityGlobals) = postSolution
		SolutionGuid = {F1AE0BB5-01A3-4285-89B0-7E8AC4AA5A8B}
	EndGlobalSection
EndGlobal
